
Microsoft Visual Studio Solution File, Format Version 12.00
# Visual Studio 15
VisualStudioVersion = 15.0.28307.2017
MinimumVisualStudioVersion = 10.0.40219.1
Project("{FAE04EC0-301F-11D3-BF4B-00C04F79EFBC}") = "Proje", "Proje\Proje.csproj", "{CF0524F8-FADD-4DA4-8569-A23B5EC77F73}"
EndProject
Global
	GlobalSection(SolutionConfigurationPlatforms) = preSolution
		Debug|Any CPU = Debug|Any CPU
		Release|Any CPU = Release|Any CPU
	EndGlobalSection
	GlobalSection(ProjectConfigurationPlatforms) = postSolution
		{CF0524F8-FADD-4DA4-8569-A23B5EC77F73}.Debug|Any CPU.ActiveCfg = Debug|Any CPU
		{CF0524F8-FADD-4DA4-8569-A23B5EC77F73}.Debug|Any CPU.Build.0 = Debug|Any CPU
		{CF0524F8-FADD-4DA4-8569-A23B5EC77F73}.Release|Any CPU.ActiveCfg = Release|Any CPU
		{CF0524F8-FADD-4DA4-8569-A23B5EC77F73}.Release|Any CPU.Build.0 = Release|Any CPU
	EndGlobalSection
	GlobalSection(SolutionProperties) = preSolution
		HideSolutionNode = FALSE
	EndGlobalSection
	GlobalSection(ExtensibilityGlobals) = postSolution
		SolutionGuid = {E0A84233-5993-4A6A-A789-F3F88C72E31B}
	EndGlobalSection
EndGlobal
